// !$*UTF8*$!
{
	archiveVersion = 1;
	classes = {
	};
	objectVersion = 51;
	objects = {

/* Begin PBXBuildFile section */
		0739FD53470B68B8C5F7E4C4 /* Pods_ParseChat.framework in Frameworks */ = {isa = PBXBuildFile; fileRef = 04B6F743794F794B864B7C66 /* Pods_ParseChat.framework */; };
		615E92FC999781C7F095908D /* Pods_ParseChatTests.framework in Frameworks */ = {isa = PBXBuildFile; fileRef = 10860AF7DC2ED0DB71DC311F /* Pods_ParseChatTests.framework */; };
		681A2C1422D659A500BC63E4 /* AppDelegate.m in Sources */ = {isa = PBXBuildFile; fileRef = 681A2C1322D659A500BC63E4 /* AppDelegate.m */; };
		681A2C1A22D659A500BC63E4 /* Main.storyboard in Resources */ = {isa = PBXBuildFile; fileRef = 681A2C1822D659A500BC63E4 /* Main.storyboard */; };
		681A2C1C22D659A600BC63E4 /* Assets.xcassets in Resources */ = {isa = PBXBuildFile; fileRef = 681A2C1B22D659A600BC63E4 /* Assets.xcassets */; };
		681A2C1F22D659A600BC63E4 /* LaunchScreen.storyboard in Resources */ = {isa = PBXBuildFile; fileRef = 681A2C1D22D659A600BC63E4 /* LaunchScreen.storyboard */; };
		681A2C2222D659A600BC63E4 /* main.m in Sources */ = {isa = PBXBuildFile; fileRef = 681A2C2122D659A600BC63E4 /* main.m */; };
		681A2C2C22D659A600BC63E4 /* ParseChatTests.m in Sources */ = {isa = PBXBuildFile; fileRef = 681A2C2B22D659A600BC63E4 /* ParseChatTests.m */; };
		681A2C3722D659A600BC63E4 /* ParseChatUITests.m in Sources */ = {isa = PBXBuildFile; fileRef = 681A2C3622D659A600BC63E4 /* ParseChatUITests.m */; };
		681A2C4622D65A9900BC63E4 /* LoginViewController.m in Sources */ = {isa = PBXBuildFile; fileRef = 681A2C4522D65A9900BC63E4 /* LoginViewController.m */; };
		681A2C4922D6615300BC63E4 /* ChatViewController.m in Sources */ = {isa = PBXBuildFile; fileRef = 681A2C4822D6615300BC63E4 /* ChatViewController.m */; };
		681A2C4C22D663BB00BC63E4 /* ChatCell.m in Sources */ = {isa = PBXBuildFile; fileRef = 681A2C4B22D663BB00BC63E4 /* ChatCell.m */; };
		EE1DCE36BFDDB387768E7188 /* Pods_ParseChatUITests.framework in Frameworks */ = {isa = PBXBuildFile; fileRef = 8B73BD796073E645C4303BC9 /* Pods_ParseChatUITests.framework */; };
/* End PBXBuildFile section */

/* Begin PBXContainerItemProxy section */
		681A2C2822D659A600BC63E4 /* PBXContainerItemProxy */ = {
			isa = PBXContainerItemProxy;
			containerPortal = 681A2C0722D659A500BC63E4 /* Project object */;
			proxyType = 1;
			remoteGlobalIDString = 681A2C0E22D659A500BC63E4;
			remoteInfo = ParseChat;
		};
		681A2C3322D659A600BC63E4 /* PBXContainerItemProxy */ = {
			isa = PBXContainerItemProxy;
			containerPortal = 681A2C0722D659A500BC63E4 /* Project object */;
			proxyType = 1;
			remoteGlobalIDString = 681A2C0E22D659A500BC63E4;
			remoteInfo = ParseChat;
		};
/* End PBXContainerItemProxy section */

/* Begin PBXFileReference section */
		04B6F743794F794B864B7C66 /* Pods_ParseChat.framework */ = {isa = PBXFileReference; explicitFileType = wrapper.framework; includeInIndex = 0; path = Pods_ParseChat.framework; sourceTree = BUILT_PRODUCTS_DIR; };
		04D494F1F300549965DF25D4 /* Pods-ParseChat.debug.xcconfig */ = {isa = PBXFileReference; includeInIndex = 1; lastKnownFileType = text.xcconfig; name = "Pods-ParseChat.debug.xcconfig"; path = "Target Support Files/Pods-ParseChat/Pods-ParseChat.debug.xcconfig"; sourceTree = "<group>"; };
		10860AF7DC2ED0DB71DC311F /* Pods_ParseChatTests.framework */ = {isa = PBXFileReference; explicitFileType = wrapper.framework; includeInIndex = 0; path = Pods_ParseChatTests.framework; sourceTree = BUILT_PRODUCTS_DIR; };
		5195E9F71D796E296FDA7638 /* Pods-ParseChatUITests.release.xcconfig */ = {isa = PBXFileReference; includeInIndex = 1; lastKnownFileType = text.xcconfig; name = "Pods-ParseChatUITests.release.xcconfig"; path = "Target Support Files/Pods-ParseChatUITests/Pods-ParseChatUITests.release.xcconfig"; sourceTree = "<group>"; };
		681A2C0F22D659A500BC63E4 /* ParseChat.app */ = {isa = PBXFileReference; explicitFileType = wrapper.application; includeInIndex = 0; path = ParseChat.app; sourceTree = BUILT_PRODUCTS_DIR; };
		681A2C1222D659A500BC63E4 /* AppDelegate.h */ = {isa = PBXFileReference; lastKnownFileType = sourcecode.c.h; path = AppDelegate.h; sourceTree = "<group>"; };
		681A2C1322D659A500BC63E4 /* AppDelegate.m */ = {isa = PBXFileReference; lastKnownFileType = sourcecode.c.objc; path = AppDelegate.m; sourceTree = "<group>"; };
		681A2C1922D659A500BC63E4 /* Base */ = {isa = PBXFileReference; lastKnownFileType = file.storyboard; name = Base; path = Base.lproj/Main.storyboard; sourceTree = "<group>"; };
		681A2C1B22D659A600BC63E4 /* Assets.xcassets */ = {isa = PBXFileReference; lastKnownFileType = folder.assetcatalog; path = Assets.xcassets; sourceTree = "<group>"; };
		681A2C1E22D659A600BC63E4 /* Base */ = {isa = PBXFileReference; lastKnownFileType = file.storyboard; name = Base; path = Base.lproj/LaunchScreen.storyboard; sourceTree = "<group>"; };
		681A2C2022D659A600BC63E4 /* Info.plist */ = {isa = PBXFileReference; lastKnownFileType = text.plist.xml; path = Info.plist; sourceTree = "<group>"; };
		681A2C2122D659A600BC63E4 /* main.m */ = {isa = PBXFileReference; lastKnownFileType = sourcecode.c.objc; path = main.m; sourceTree = "<group>"; };
		681A2C2722D659A600BC63E4 /* ParseChatTests.xctest */ = {isa = PBXFileReference; explicitFileType = wrapper.cfbundle; includeInIndex = 0; path = ParseChatTests.xctest; sourceTree = BUILT_PRODUCTS_DIR; };
		681A2C2B22D659A600BC63E4 /* ParseChatTests.m */ = {isa = PBXFileReference; lastKnownFileType = sourcecode.c.objc; path = ParseChatTests.m; sourceTree = "<group>"; };
		681A2C2D22D659A600BC63E4 /* Info.plist */ = {isa = PBXFileReference; lastKnownFileType = text.plist.xml; path = Info.plist; sourceTree = "<group>"; };
		681A2C3222D659A600BC63E4 /* ParseChatUITests.xctest */ = {isa = PBXFileReference; explicitFileType = wrapper.cfbundle; includeInIndex = 0; path = ParseChatUITests.xctest; sourceTree = BUILT_PRODUCTS_DIR; };
		681A2C3622D659A600BC63E4 /* ParseChatUITests.m */ = {isa = PBXFileReference; lastKnownFileType = sourcecode.c.objc; path = ParseChatUITests.m; sourceTree = "<group>"; };
		681A2C3822D659A600BC63E4 /* Info.plist */ = {isa = PBXFileReference; lastKnownFileType = text.plist.xml; path = Info.plist; sourceTree = "<group>"; };
		681A2C4422D65A9900BC63E4 /* LoginViewController.h */ = {isa = PBXFileReference; lastKnownFileType = sourcecode.c.h; path = LoginViewController.h; sourceTree = "<group>"; };
		681A2C4522D65A9900BC63E4 /* LoginViewController.m */ = {isa = PBXFileReference; lastKnownFileType = sourcecode.c.objc; path = LoginViewController.m; sourceTree = "<group>"; };
		681A2C4722D6615300BC63E4 /* ChatViewController.h */ = {isa = PBXFileReference; lastKnownFileType = sourcecode.c.h; path = ChatViewController.h; sourceTree = "<group>"; };
		681A2C4822D6615300BC63E4 /* ChatViewController.m */ = {isa = PBXFileReference; lastKnownFileType = sourcecode.c.objc; path = ChatViewController.m; sourceTree = "<group>"; };
		681A2C4A22D663BB00BC63E4 /* ChatCell.h */ = {isa = PBXFileReference; lastKnownFileType = sourcecode.c.h; path = ChatCell.h; sourceTree = "<group>"; };
		681A2C4B22D663BB00BC63E4 /* ChatCell.m */ = {isa = PBXFileReference; lastKnownFileType = sourcecode.c.objc; path = ChatCell.m; sourceTree = "<group>"; };
		780B533157EFE33184972F4D /* Pods-ParseChatTests.debug.xcconfig */ = {isa = PBXFileReference; includeInIndex = 1; lastKnownFileType = text.xcconfig; name = "Pods-ParseChatTests.debug.xcconfig"; path = "Target Support Files/Pods-ParseChatTests/Pods-ParseChatTests.debug.xcconfig"; sourceTree = "<group>"; };
		8B73BD796073E645C4303BC9 /* Pods_ParseChatUITests.framework */ = {isa = PBXFileReference; explicitFileType = wrapper.framework; includeInIndex = 0; path = Pods_ParseChatUITests.framework; sourceTree = BUILT_PRODUCTS_DIR; };
		8E1A9FEAD81A47541FF5C446 /* Pods-ParseChat.release.xcconfig */ = {isa = PBXFileReference; includeInIndex = 1; lastKnownFileType = text.xcconfig; name = "Pods-ParseChat.release.xcconfig"; path = "Target Support Files/Pods-ParseChat/Pods-ParseChat.release.xcconfig"; sourceTree = "<group>"; };
		99FCE26CCC3700E454A37314 /* Pods-ParseChatUITests.debug.xcconfig */ = {isa = PBXFileReference; includeInIndex = 1; lastKnownFileType = text.xcconfig; name = "Pods-ParseChatUITests.debug.xcconfig"; path = "Target Support Files/Pods-ParseChatUITests/Pods-ParseChatUITests.debug.xcconfig"; sourceTree = "<group>"; };
		A09CDA43771ABE5B96642B99 /* Pods-ParseChatTests.release.xcconfig */ = {isa = PBXFileReference; includeInIndex = 1; lastKnownFileType = text.xcconfig; name = "Pods-ParseChatTests.release.xcconfig"; path = "Target Support Files/Pods-ParseChatTests/Pods-ParseChatTests.release.xcconfig"; sourceTree = "<group>"; };
/* End PBXFileReference section */

/* Begin PBXFrameworksBuildPhase section */
		681A2C0C22D659A500BC63E4 /* Frameworks */ = {
			isa = PBXFrameworksBuildPhase;
			buildActionMask = 2147483647;
			files = (
				0739FD53470B68B8C5F7E4C4 /* Pods_ParseChat.framework in Frameworks */,
			);
			runOnlyForDeploymentPostprocessing = 0;
		};
		681A2C2422D659A600BC63E4 /* Frameworks */ = {
			isa = PBXFrameworksBuildPhase;
			buildActionMask = 2147483647;
			files = (
				615E92FC999781C7F095908D /* Pods_ParseChatTests.framework in Frameworks */,
			);
			runOnlyForDeploymentPostprocessing = 0;
		};
		681A2C2F22D659A600BC63E4 /* Frameworks */ = {
			isa = PBXFrameworksBuildPhase;
			buildActionMask = 2147483647;
			files = (
				EE1DCE36BFDDB387768E7188 /* Pods_ParseChatUITests.framework in Frameworks */,
			);
			runOnlyForDeploymentPostprocessing = 0;
		};
/* End PBXFrameworksBuildPhase section */

/* Begin PBXGroup section */
		0729F4DE49EFBC1864DDBB4E /* Pods */ = {
			isa = PBXGroup;
			children = (
				04D494F1F300549965DF25D4 /* Pods-ParseChat.debug.xcconfig */,
				8E1A9FEAD81A47541FF5C446 /* Pods-ParseChat.release.xcconfig */,
				780B533157EFE33184972F4D /* Pods-ParseChatTests.debug.xcconfig */,
				A09CDA43771ABE5B96642B99 /* Pods-ParseChatTests.release.xcconfig */,
				99FCE26CCC3700E454A37314 /* Pods-ParseChatUITests.debug.xcconfig */,
				5195E9F71D796E296FDA7638 /* Pods-ParseChatUITests.release.xcconfig */,
			);
			path = Pods;
			sourceTree = "<group>";
		};
		681A2C0622D659A500BC63E4 = {
			isa = PBXGroup;
			children = (
				681A2C1122D659A500BC63E4 /* ParseChat */,
				681A2C2A22D659A600BC63E4 /* ParseChatTests */,
				681A2C3522D659A600BC63E4 /* ParseChatUITests */,
				681A2C1022D659A500BC63E4 /* Products */,
				0729F4DE49EFBC1864DDBB4E /* Pods */,
				DC06FC379B97B61DBF013EF2 /* Frameworks */,
			);
			sourceTree = "<group>";
		};
		681A2C1022D659A500BC63E4 /* Products */ = {
			isa = PBXGroup;
			children = (
				681A2C0F22D659A500BC63E4 /* ParseChat.app */,
				681A2C2722D659A600BC63E4 /* ParseChatTests.xctest */,
				681A2C3222D659A600BC63E4 /* ParseChatUITests.xctest */,
			);
			name = Products;
			sourceTree = "<group>";
		};
		681A2C1122D659A500BC63E4 /* ParseChat */ = {
			isa = PBXGroup;
			children = (
				681A2C1222D659A500BC63E4 /* AppDelegate.h */,
				681A2C1322D659A500BC63E4 /* AppDelegate.m */,
				681A2C1822D659A500BC63E4 /* Main.storyboard */,
				681A2C4422D65A9900BC63E4 /* LoginViewController.h */,
				681A2C4522D65A9900BC63E4 /* LoginViewController.m */,
				681A2C1B22D659A600BC63E4 /* Assets.xcassets */,
				681A2C1D22D659A600BC63E4 /* LaunchScreen.storyboard */,
				681A2C2022D659A600BC63E4 /* Info.plist */,
				681A2C2122D659A600BC63E4 /* main.m */,
				681A2C4722D6615300BC63E4 /* ChatViewController.h */,
				681A2C4822D6615300BC63E4 /* ChatViewController.m */,
				681A2C4A22D663BB00BC63E4 /* ChatCell.h */,
				681A2C4B22D663BB00BC63E4 /* ChatCell.m */,
			);
			path = ParseChat;
			sourceTree = "<group>";
		};
		681A2C2A22D659A600BC63E4 /* ParseChatTests */ = {
			isa = PBXGroup;
			children = (
				681A2C2B22D659A600BC63E4 /* ParseChatTests.m */,
				681A2C2D22D659A600BC63E4 /* Info.plist */,
			);
			path = ParseChatTests;
			sourceTree = "<group>";
		};
		681A2C3522D659A600BC63E4 /* ParseChatUITests */ = {
			isa = PBXGroup;
			children = (
				681A2C3622D659A600BC63E4 /* ParseChatUITests.m */,
				681A2C3822D659A600BC63E4 /* Info.plist */,
			);
			path = ParseChatUITests;
			sourceTree = "<group>";
		};
		DC06FC379B97B61DBF013EF2 /* Frameworks */ = {
			isa = PBXGroup;
			children = (
				04B6F743794F794B864B7C66 /* Pods_ParseChat.framework */,
				10860AF7DC2ED0DB71DC311F /* Pods_ParseChatTests.framework */,
				8B73BD796073E645C4303BC9 /* Pods_ParseChatUITests.framework */,
			);
			name = Frameworks;
			sourceTree = "<group>";
		};
/* End PBXGroup section */

/* Begin PBXNativeTarget section */
		681A2C0E22D659A500BC63E4 /* ParseChat */ = {
			isa = PBXNativeTarget;
			buildConfigurationList = 681A2C3B22D659A600BC63E4 /* Build configuration list for PBXNativeTarget "ParseChat" */;
			buildPhases = (
				B3411C1BCB7EBB676D950CF8 /* [CP] Check Pods Manifest.lock */,
				681A2C0B22D659A500BC63E4 /* Sources */,
				681A2C0C22D659A500BC63E4 /* Frameworks */,
				681A2C0D22D659A500BC63E4 /* Resources */,
				2A4635DFD81B9C42D7C08E01 /* [CP] Embed Pods Frameworks */,
			);
			buildRules = (
			);
			dependencies = (
			);
			name = ParseChat;
			productName = ParseChat;
			productReference = 681A2C0F22D659A500BC63E4 /* ParseChat.app */;
			productType = "com.apple.product-type.application";
		};
		681A2C2622D659A600BC63E4 /* ParseChatTests */ = {
			isa = PBXNativeTarget;
			buildConfigurationList = 681A2C3E22D659A600BC63E4 /* Build configuration list for PBXNativeTarget "ParseChatTests" */;
			buildPhases = (
				4DA12E64F1EC59E859FC176F /* [CP] Check Pods Manifest.lock */,
				681A2C2322D659A600BC63E4 /* Sources */,
				681A2C2422D659A600BC63E4 /* Frameworks */,
				681A2C2522D659A600BC63E4 /* Resources */,
			);
			buildRules = (
			);
			dependencies = (
				681A2C2922D659A600BC63E4 /* PBXTargetDependency */,
			);
			name = ParseChatTests;
			productName = ParseChatTests;
			productReference = 681A2C2722D659A600BC63E4 /* ParseChatTests.xctest */;
			productType = "com.apple.product-type.bundle.unit-test";
		};
		681A2C3122D659A600BC63E4 /* ParseChatUITests */ = {
			isa = PBXNativeTarget;
			buildConfigurationList = 681A2C4122D659A600BC63E4 /* Build configuration list for PBXNativeTarget "ParseChatUITests" */;
			buildPhases = (
				4094355BA6AB49DD61738C52 /* [CP] Check Pods Manifest.lock */,
				681A2C2E22D659A600BC63E4 /* Sources */,
				681A2C2F22D659A600BC63E4 /* Frameworks */,
				681A2C3022D659A600BC63E4 /* Resources */,
			);
			buildRules = (
			);
			dependencies = (
				681A2C3422D659A600BC63E4 /* PBXTargetDependency */,
			);
			name = ParseChatUITests;
			productName = ParseChatUITests;
			productReference = 681A2C3222D659A600BC63E4 /* ParseChatUITests.xctest */;
			productType = "com.apple.product-type.bundle.ui-testing";
		};
/* End PBXNativeTarget section */

/* Begin PBXProject section */
		681A2C0722D659A500BC63E4 /* Project object */ = {
			isa = PBXProject;
			attributes = {
				LastUpgradeCheck = 1020;
				ORGANIZATIONNAME = antiriby;
				TargetAttributes = {
					681A2C0E22D659A500BC63E4 = {
						CreatedOnToolsVersion = 10.2.1;
					};
					681A2C2622D659A600BC63E4 = {
						CreatedOnToolsVersion = 10.2.1;
						TestTargetID = 681A2C0E22D659A500BC63E4;
					};
					681A2C3122D659A600BC63E4 = {
						CreatedOnToolsVersion = 10.2.1;
						TestTargetID = 681A2C0E22D659A500BC63E4;
					};
				};
			};
			buildConfigurationList = 681A2C0A22D659A500BC63E4 /* Build configuration list for PBXProject "ParseChat" */;
			compatibilityVersion = "Xcode 9.3";
			developmentRegion = en;
			hasScannedForEncodings = 0;
			knownRegions = (
				en,
				Base,
			);
			mainGroup = 681A2C0622D659A500BC63E4;
			productRefGroup = 681A2C1022D659A500BC63E4 /* Products */;
			projectDirPath = "";
			projectRoot = "";
			targets = (
				681A2C0E22D659A500BC63E4 /* ParseChat */,
				681A2C2622D659A600BC63E4 /* ParseChatTests */,
				681A2C3122D659A600BC63E4 /* ParseChatUITests */,
			);
		};
/* End PBXProject section */

/* Begin PBXResourcesBuildPhase section */
		681A2C0D22D659A500BC63E4 /* Resources */ = {
			isa = PBXResourcesBuildPhase;
			buildActionMask = 2147483647;
			files = (
				681A2C1F22D659A600BC63E4 /* LaunchScreen.storyboard in Resources */,
				681A2C1C22D659A600BC63E4 /* Assets.xcassets in Resources */,
				681A2C1A22D659A500BC63E4 /* Main.storyboard in Resources */,
			);
			runOnlyForDeploymentPostprocessing = 0;
		};
		681A2C2522D659A600BC63E4 /* Resources */ = {
			isa = PBXResourcesBuildPhase;
			buildActionMask = 2147483647;
			files = (
			);
			runOnlyForDeploymentPostprocessing = 0;
		};
		681A2C3022D659A600BC63E4 /* Resources */ = {
			isa = PBXResourcesBuildPhase;
			buildActionMask = 2147483647;
			files = (
			);
			runOnlyForDeploymentPostprocessing = 0;
		};
/* End PBXResourcesBuildPhase section */

/* Begin PBXShellScriptBuildPhase section */
		2A4635DFD81B9C42D7C08E01 /* [CP] Embed Pods Frameworks */ = {
			isa = PBXShellScriptBuildPhase;
			buildActionMask = 2147483647;
			files = (
			);
			inputFileListPaths = (
				"${PODS_ROOT}/Target Support Files/Pods-ParseChat/Pods-ParseChat-frameworks-${CONFIGURATION}-input-files.xcfilelist",
			);
			name = "[CP] Embed Pods Frameworks";
			outputFileListPaths = (
				"${PODS_ROOT}/Target Support Files/Pods-ParseChat/Pods-ParseChat-frameworks-${CONFIGURATION}-output-files.xcfilelist",
			);
			runOnlyForDeploymentPostprocessing = 0;
			shellPath = /bin/sh;
			shellScript = "\"${PODS_ROOT}/Target Support Files/Pods-ParseChat/Pods-ParseChat-frameworks.sh\"\n";
			showEnvVarsInLog = 0;
		};
		4094355BA6AB49DD61738C52 /* [CP] Check Pods Manifest.lock */ = {
			isa = PBXShellScriptBuildPhase;
			buildActionMask = 2147483647;
			files = (
			);
			inputFileListPaths = (
			);
			inputPaths = (
				"${PODS_PODFILE_DIR_PATH}/Podfile.lock",
				"${PODS_ROOT}/Manifest.lock",
			);
			name = "[CP] Check Pods Manifest.lock";
			outputFileListPaths = (
			);
			outputPaths = (
				"$(DERIVED_FILE_DIR)/Pods-ParseChatUITests-checkManifestLockResult.txt",
			);
			runOnlyForDeploymentPostprocessing = 0;
			shellPath = /bin/sh;
			shellScript = "diff \"${PODS_PODFILE_DIR_PATH}/Podfile.lock\" \"${PODS_ROOT}/Manifest.lock\" > /dev/null\nif [ $? != 0 ] ; then\n    # print error to STDERR\n    echo \"error: The sandbox is not in sync with the Podfile.lock. Run 'pod install' or update your CocoaPods installation.\" >&2\n    exit 1\nfi\n# This output is used by Xcode 'outputs' to avoid re-running this script phase.\necho \"SUCCESS\" > \"${SCRIPT_OUTPUT_FILE_0}\"\n";
			showEnvVarsInLog = 0;
		};
		4DA12E64F1EC59E859FC176F /* [CP] Check Pods Manifest.lock */ = {
			isa = PBXShellScriptBuildPhase;
			buildActionMask = 2147483647;
			files = (
			);
			inputFileListPaths = (
			);
			inputPaths = (
				"${PODS_PODFILE_DIR_PATH}/Podfile.lock",
				"${PODS_ROOT}/Manifest.lock",
			);
			name = "[CP] Check Pods Manifest.lock";
			outputFileListPaths = (
			);
			outputPaths = (
				"$(DERIVED_FILE_DIR)/Pods-ParseChatTests-checkManifestLockResult.txt",
			);
			runOnlyForDeploymentPostprocessing = 0;
			shellPath = /bin/sh;
			shellScript = "diff \"${PODS_PODFILE_DIR_PATH}/Podfile.lock\" \"${PODS_ROOT}/Manifest.lock\" > /dev/null\nif [ $? != 0 ] ; then\n    # print error to STDERR\n    echo \"error: The sandbox is not in sync with the Podfile.lock. Run 'pod install' or update your CocoaPods installation.\" >&2\n    exit 1\nfi\n# This output is used by Xcode 'outputs' to avoid re-running this script phase.\necho \"SUCCESS\" > \"${SCRIPT_OUTPUT_FILE_0}\"\n";
			showEnvVarsInLog = 0;
		};
		B3411C1BCB7EBB676D950CF8 /* [CP] Check Pods Manifest.lock */ = {
			isa = PBXShellScriptBuildPhase;
			buildActionMask = 2147483647;
			files = (
			);
			inputFileListPaths = (
			);
			inputPaths = (
				"${PODS_PODFILE_DIR_PATH}/Podfile.lock",
				"${PODS_ROOT}/Manifest.lock",
			);
			name = "[CP] Check Pods Manifest.lock";
			outputFileListPaths = (
			);
			outputPaths = (
				"$(DERIVED_FILE_DIR)/Pods-ParseChat-checkManifestLockResult.txt",
			);
			runOnlyForDeploymentPostprocessing = 0;
			shellPath = /bin/sh;
			shellScript = "diff \"${PODS_PODFILE_DIR_PATH}/Podfile.lock\" \"${PODS_ROOT}/Manifest.lock\" > /dev/null\nif [ $? != 0 ] ; then\n    # print error to STDERR\n    echo \"error: The sandbox is not in sync with the Podfile.lock. Run 'pod install' or update your CocoaPods installation.\" >&2\n    exit 1\nfi\n# This output is used by Xcode 'outputs' to avoid re-running this script phase.\necho \"SUCCESS\" > \"${SCRIPT_OUTPUT_FILE_0}\"\n";
			showEnvVarsInLog = 0;
		};
/* End PBXShellScriptBuildPhase section */

/* Begin PBXSourcesBuildPhase section */
		681A2C0B22D659A500BC63E4 /* Sources */ = {
			isa = PBXSourcesBuildPhase;
			buildActionMask = 2147483647;
			files = (
				681A2C4622D65A9900BC63E4 /* LoginViewController.m in Sources */,
				681A2C2222D659A600BC63E4 /* main.m in Sources */,
				681A2C4922D6615300BC63E4 /* ChatViewController.m in Sources */,
				681A2C4C22D663BB00BC63E4 /* ChatCell.m in Sources */,
				681A2C1422D659A500BC63E4 /* AppDelegate.m in Sources */,
			);
			runOnlyForDeploymentPostprocessing = 0;
		};
		681A2C2322D659A600BC63E4 /* Sources */ = {
			isa = PBXSourcesBuildPhase;
			buildActionMask = 2147483647;
			files = (
				681A2C2C22D659A600BC63E4 /* ParseChatTests.m in Sources */,
			);
			runOnlyForDeploymentPostprocessing = 0;
		};
		681A2C2E22D659A600BC63E4 /* Sources */ = {
			isa = PBXSourcesBuildPhase;
			buildActionMask = 2147483647;
			files = (
				681A2C3722D659A600BC63E4 /* ParseChatUITests.m in Sources */,
			);
			runOnlyForDeploymentPostprocessing = 0;
		};
/* End PBXSourcesBuildPhase section */

/* Begin PBXTargetDependency section */
		681A2C2922D659A600BC63E4 /* PBXTargetDependency */ = {
			isa = PBXTargetDependency;
			target = 681A2C0E22D659A500BC63E4 /* ParseChat */;
			targetProxy = 681A2C2822D659A600BC63E4 /* PBXContainerItemProxy */;
		};
		681A2C3422D659A600BC63E4 /* PBXTargetDependency */ = {
			isa = PBXTargetDependency;
			target = 681A2C0E22D659A500BC63E4 /* ParseChat */;
			targetProxy = 681A2C3322D659A600BC63E4 /* PBXContainerItemProxy */;
		};
/* End PBXTargetDependency section */

/* Begin PBXVariantGroup section */
		681A2C1822D659A500BC63E4 /* Main.storyboard */ = {
			isa = PBXVariantGroup;
			children = (
				681A2C1922D659A500BC63E4 /* Base */,
			);
			name = Main.storyboard;
			sourceTree = "<group>";
		};
		681A2C1D22D659A600BC63E4 /* LaunchScreen.storyboard */ = {
			isa = PBXVariantGroup;
			children = (
				681A2C1E22D659A600BC63E4 /* Base */,
			);
			name = LaunchScreen.storyboard;
			sourceTree = "<group>";
		};
/* End PBXVariantGroup section */

/* Begin XCBuildConfiguration section */
		681A2C3922D659A600BC63E4 /* Debug */ = {
			isa = XCBuildConfiguration;
			buildSettings = {
				ALWAYS_SEARCH_USER_PATHS = NO;
				CLANG_ANALYZER_NONNULL = YES;
				CLANG_ANALYZER_NUMBER_OBJECT_CONVERSION = YES_AGGRESSIVE;
				CLANG_CXX_LANGUAGE_STANDARD = "gnu++14";
				CLANG_CXX_LIBRARY = "libc++";
				CLANG_ENABLE_MODULES = YES;
				CLANG_ENABLE_OBJC_ARC = YES;
				CLANG_ENABLE_OBJC_WEAK = YES;
				CLANG_WARN_BLOCK_CAPTURE_AUTORELEASING = YES;
				CLANG_WARN_BOOL_CONVERSION = YES;
				CLANG_WARN_COMMA = YES;
				CLANG_WARN_CONSTANT_CONVERSION = YES;
				CLANG_WARN_DEPRECATED_OBJC_IMPLEMENTATIONS = YES;
				CLANG_WARN_DIRECT_OBJC_ISA_USAGE = YES_ERROR;
				CLANG_WARN_DOCUMENTATION_COMMENTS = YES;
				CLANG_WARN_EMPTY_BODY = YES;
				CLANG_WARN_ENUM_CONVERSION = YES;
				CLANG_WARN_INFINITE_RECURSION = YES;
				CLANG_WARN_INT_CONVERSION = YES;
				CLANG_WARN_NON_LITERAL_NULL_CONVERSION = YES;
				CLANG_WARN_OBJC_IMPLICIT_RETAIN_SELF = YES;
				CLANG_WARN_OBJC_LITERAL_CONVERSION = YES;
				CLANG_WARN_OBJC_ROOT_CLASS = YES_ERROR;
				CLANG_WARN_RANGE_LOOP_ANALYSIS = YES;
				CLANG_WARN_STRICT_PROTOTYPES = YES;
				CLANG_WARN_SUSPICIOUS_MOVE = YES;
				CLANG_WARN_UNGUARDED_AVAILABILITY = YES_AGGRESSIVE;
				CLANG_WARN_UNREACHABLE_CODE = YES;
				CLANG_WARN__DUPLICATE_METHOD_MATCH = YES;
				CODE_SIGN_IDENTITY = "iPhone Developer";
				COPY_PHASE_STRIP = NO;
				DEBUG_INFORMATION_FORMAT = dwarf;
				ENABLE_STRICT_OBJC_MSGSEND = YES;
				ENABLE_TESTABILITY = YES;
				GCC_C_LANGUAGE_STANDARD = gnu11;
				GCC_DYNAMIC_NO_PIC = NO;
				GCC_NO_COMMON_BLOCKS = YES;
				GCC_OPTIMIZATION_LEVEL = 0;
				GCC_PREPROCESSOR_DEFINITIONS = (
					"DEBUG=1",
					"$(inherited)",
				);
				GCC_WARN_64_TO_32_BIT_CONVERSION = YES;
				GCC_WARN_ABOUT_RETURN_TYPE = YES_ERROR;
				GCC_WARN_UNDECLARED_SELECTOR = YES;
				GCC_WARN_UNINITIALIZED_AUTOS = YES_AGGRESSIVE;
				GCC_WARN_UNUSED_FUNCTION = YES;
				GCC_WARN_UNUSED_VARIABLE = YES;
				IPHONEOS_DEPLOYMENT_TARGET = 12.2;
				MTL_ENABLE_DEBUG_INFO = INCLUDE_SOURCE;
				MTL_FAST_MATH = YES;
				ONLY_ACTIVE_ARCH = YES;
				SDKROOT = iphoneos;
			};
			name = Debug;
		};
		681A2C3A22D659A600BC63E4 /* Release */ = {
			isa = XCBuildConfiguration;
			buildSettings = {
				ALWAYS_SEARCH_USER_PATHS = NO;
				CLANG_ANALYZER_NONNULL = YES;
				CLANG_ANALYZER_NUMBER_OBJECT_CONVERSION = YES_AGGRESSIVE;
				CLANG_CXX_LANGUAGE_STANDARD = "gnu++14";
				CLANG_CXX_LIBRARY = "libc++";
				CLANG_ENABLE_MODULES = YES;
				CLANG_ENABLE_OBJC_ARC = YES;
				CLANG_ENABLE_OBJC_WEAK = YES;
				CLANG_WARN_BLOCK_CAPTURE_AUTORELEASING = YES;
				CLANG_WARN_BOOL_CONVERSION = YES;
				CLANG_WARN_COMMA = YES;
				CLANG_WARN_CONSTANT_CONVERSION = YES;
				CLANG_WARN_DEPRECATED_OBJC_IMPLEMENTATIONS = YES;
				CLANG_WARN_DIRECT_OBJC_ISA_USAGE = YES_ERROR;
				CLANG_WARN_DOCUMENTATION_COMMENTS = YES;
				CLANG_WARN_EMPTY_BODY = YES;
				CLANG_WARN_ENUM_CONVERSION = YES;
				CLANG_WARN_INFINITE_RECURSION = YES;
				CLANG_WARN_INT_CONVERSION = YES;
				CLANG_WARN_NON_LITERAL_NULL_CONVERSION = YES;
				CLANG_WARN_OBJC_IMPLICIT_RETAIN_SELF = YES;
				CLANG_WARN_OBJC_LITERAL_CONVERSION = YES;
				CLANG_WARN_OBJC_ROOT_CLASS = YES_ERROR;
				CLANG_WARN_RANGE_LOOP_ANALYSIS = YES;
				CLANG_WARN_STRICT_PROTOTYPES = YES;
				CLANG_WARN_SUSPICIOUS_MOVE = YES;
				CLANG_WARN_UNGUARDED_AVAILABILITY = YES_AGGRESSIVE;
				CLANG_WARN_UNREACHABLE_CODE = YES;
				CLANG_WARN__DUPLICATE_METHOD_MATCH = YES;
				CODE_SIGN_IDENTITY = "iPhone Developer";
				COPY_PHASE_STRIP = NO;
				DEBUG_INFORMATION_FORMAT = "dwarf-with-dsym";
				ENABLE_NS_ASSERTIONS = NO;
				ENABLE_STRICT_OBJC_MSGSEND = YES;
				GCC_C_LANGUAGE_STANDARD = gnu11;
				GCC_NO_COMMON_BLOCKS = YES;
				GCC_WARN_64_TO_32_BIT_CONVERSION = YES;
				GCC_WARN_ABOUT_RETURN_TYPE = YES_ERROR;
				GCC_WARN_UNDECLARED_SELECTOR = YES;
				GCC_WARN_UNINITIALIZED_AUTOS = YES_AGGRESSIVE;
				GCC_WARN_UNUSED_FUNCTION = YES;
				GCC_WARN_UNUSED_VARIABLE = YES;
				IPHONEOS_DEPLOYMENT_TARGET = 12.2;
				MTL_ENABLE_DEBUG_INFO = NO;
				MTL_FAST_MATH = YES;
				SDKROOT = iphoneos;
				VALIDATE_PRODUCT = YES;
			};
			name = Release;
		};
		681A2C3C22D659A600BC63E4 /* Debug */ = {
			isa = XCBuildConfiguration;
			baseConfigurationReference = 04D494F1F300549965DF25D4 /* Pods-ParseChat.debug.xcconfig */;
			buildSettings = {
				ASSETCATALOG_COMPILER_APPICON_NAME = AppIcon;
				CODE_SIGN_STYLE = Automatic;
				DEVELOPMENT_TEAM = CF767272TX;
				INFOPLIST_FILE = ParseChat/Info.plist;
				LD_RUNPATH_SEARCH_PATHS = (
					"$(inherited)",
					"@executable_path/Frameworks",
				);
				PRODUCT_BUNDLE_IDENTIFIER = "com.briana.antiri13-gmail.com.ParseChat";
				PRODUCT_NAME = "$(TARGET_NAME)";
				TARGETED_DEVICE_FAMILY = "1,2";
			};
			name = Debug;
		};
		681A2C3D22D659A600BC63E4 /* Release */ = {
			isa = XCBuildConfiguration;
			baseConfigurationReference = 8E1A9FEAD81A47541FF5C446 /* Pods-ParseChat.release.xcconfig */;
			buildSettings = {
				ASSETCATALOG_COMPILER_APPICON_NAME = AppIcon;
				CODE_SIGN_STYLE = Automatic;
				DEVELOPMENT_TEAM = CF767272TX;
				INFOPLIST_FILE = ParseChat/Info.plist;
				LD_RUNPATH_SEARCH_PATHS = (
					"$(inherited)",
					"@executable_path/Frameworks",
				);
				PRODUCT_BUNDLE_IDENTIFIER = "com.briana.antiri13-gmail.com.ParseChat";
				PRODUCT_NAME = "$(TARGET_NAME)";
				TARGETED_DEVICE_FAMILY = "1,2";
			};
			name = Release;
		};
		681A2C3F22D659A600BC63E4 /* Debug */ = {
			isa = XCBuildConfiguration;
			baseConfigurationReference = 780B533157EFE33184972F4D /* Pods-ParseChatTests.debug.xcconfig */;
			buildSettings = {
				BUNDLE_LOADER = "$(TEST_HOST)";
				CODE_SIGN_STYLE = Automatic;
				DEVELOPMENT_TEAM = CF767272TX;
				INFOPLIST_FILE = ParseChatTests/Info.plist;
				LD_RUNPATH_SEARCH_PATHS = (
					"$(inherited)",
					"@executable_path/Frameworks",
					"@loader_path/Frameworks",
				);
				PRODUCT_BUNDLE_IDENTIFIER = "com.briana.antiri13-gmail.com.ParseChatTests";
				PRODUCT_NAME = "$(TARGET_NAME)";
				TARGETED_DEVICE_FAMILY = "1,2";
				TEST_HOST = "$(BUILT_PRODUCTS_DIR)/ParseChat.app/ParseChat";
			};
			name = Debug;
		};
		681A2C4022D659A600BC63E4 /* Release */ = {
			isa = XCBuildConfiguration;
			baseConfigurationReference = A09CDA43771ABE5B96642B99 /* Pods-ParseChatTests.release.xcconfig */;
			buildSettings = {
				BUNDLE_LOADER = "$(TEST_HOST)";
				CODE_SIGN_STYLE = Automatic;
				DEVELOPMENT_TEAM = CF767272TX;
				INFOPLIST_FILE = ParseChatTests/Info.plist;
				LD_RUNPATH_SEARCH_PATHS = (
					"$(inherited)",
					"@executable_path/Frameworks",
					"@loader_path/Frameworks",
				);
				PRODUCT_BUNDLE_IDENTIFIER = "com.briana.antiri13-gmail.com.ParseChatTests";
				PRODUCT_NAME = "$(TARGET_NAME)";
				TARGETED_DEVICE_FAMILY = "1,2";
				TEST_HOST = "$(BUILT_PRODUCTS_DIR)/ParseChat.app/ParseChat";
			};
			name = Release;
		};
		681A2C4222D659A600BC63E4 /* Debug */ = {
			isa = XCBuildConfiguration;
			baseConfigurationReference = 99FCE26CCC3700E454A37314 /* Pods-ParseChatUITests.debug.xcconfig */;
			buildSettings = {
				CODE_SIGN_STYLE = Automatic;
				DEVELOPMENT_TEAM = CF767272TX;
				INFOPLIST_FILE = ParseChatUITests/Info.plist;
				LD_RUNPATH_SEARCH_PATHS = (
					"$(inherited)",
					"@executable_path/Frameworks",
					"@loader_path/Frameworks",
				);
				PRODUCT_BUNDLE_IDENTIFIER = "com.briana.antiri13-gmail.com.ParseChatUITests";
				PRODUCT_NAME = "$(TARGET_NAME)";
				TARGETED_DEVICE_FAMILY = "1,2";
				TEST_TARGET_NAME = ParseChat;
			};
			name = Debug;
		};
		681A2C4322D659A600BC63E4 /* Release */ = {
			isa = XCBuildConfiguration;
			baseConfigurationReference = 5195E9F71D796E296FDA7638 /* Pods-ParseChatUITests.release.xcconfig */;
			buildSettings = {
				CODE_SIGN_STYLE = Automatic;
				DEVELOPMENT_TEAM = CF767272TX;
				INFOPLIST_FILE = ParseChatUITests/Info.plist;
				LD_RUNPATH_SEARCH_PATHS = (
					"$(inherited)",
					"@executable_path/Frameworks",
					"@loader_path/Frameworks",
				);
				PRODUCT_BUNDLE_IDENTIFIER = "com.briana.antiri13-gmail.com.ParseChatUITests";
				PRODUCT_NAME = "$(TARGET_NAME)";
				TARGETED_DEVICE_FAMILY = "1,2";
				TEST_TARGET_NAME = ParseChat;
			};
			name = Release;
		};
/* End XCBuildConfiguration section */

/* Begin XCConfigurationList section */
		681A2C0A22D659A500BC63E4 /* Build configuration list for PBXProject "ParseChat" */ = {
			isa = XCConfigurationList;
			buildConfigurations = (
				681A2C3922D659A600BC63E4 /* Debug */,
				681A2C3A22D659A600BC63E4 /* Release */,
			);
			defaultConfigurationIsVisible = 0;
			defaultConfigurationName = Release;
		};
		681A2C3B22D659A600BC63E4 /* Build configuration list for PBXNativeTarget "ParseChat" */ = {
			isa = XCConfigurationList;
			buildConfigurations = (
				681A2C3C22D659A600BC63E4 /* Debug */,
				681A2C3D22D659A600BC63E4 /* Release */,
			);
			defaultConfigurationIsVisible = 0;
			defaultConfigurationName = Release;
		};
		681A2C3E22D659A600BC63E4 /* Build configuration list for PBXNativeTarget "ParseChatTests" */ = {
			isa = XCConfigurationList;
			buildConfigurations = (
				681A2C3F22D659A600BC63E4 /* Debug */,
				681A2C4022D659A600BC63E4 /* Release */,
			);
			defaultConfigurationIsVisible = 0;
			defaultConfigurationName = Release;
		};
		681A2C4122D659A600BC63E4 /* Build configuration list for PBXNativeTarget "ParseChatUITests" */ = {
			isa = XCConfigurationList;
			buildConfigurations = (
				681A2C4222D659A600BC63E4 /* Debug */,
				681A2C4322D659A600BC63E4 /* Release */,
			);
			defaultConfigurationIsVisible = 0;
			defaultConfigurationName = Release;
		};
/* End XCConfigurationList section */
	};
	rootObject = 681A2C0722D659A500BC63E4 /* Project object */;
}
